{
  "name": "hop",
  "version": "1.0.0",
  "lockfileVersion": 1,
  "requires": true,
  "dependencies": {
    "lodash": {
      "version": "4.17.15",
      "resolved": "https://registry.npmjs.org/lodash/-/lodash-4.17.15.tgz",
      "integrity": "sha512-8xOcRHvCjnocdS5cpwXQXVzmmh5e5+saE2QGoeQmbKmRS6J3VQppPOIt0MnmE+4xlZoumy0GPG0D0MVIQbNA1A=="
    },
    "monaco-editor": {
      "version": "0.14.3",
      "resolved": "https://registry.npmjs.org/monaco-editor/-/monaco-editor-0.14.3.tgz",
      "integrity": "sha512-RhaO4xXmWn/p0WrkEOXe4PoZj6xOcvDYjoAh0e1kGUrQnP1IOpc0m86Ceuaa2CLEMDINqKijBSmqhvBQnsPLHQ=="
    },
    "vue": {
      "version": "2.6.10",
      "resolved": "https://registry.npmjs.org/vue/-/vue-2.6.10.tgz",
      "integrity": "sha512-ImThpeNU9HbdZL3utgMCq0oiMzAkt1mcgy3/E6zWC/G6AaQoeuFdsl9nDhTDU3X1R6FK7nsIUuRACVcjI+A2GQ=="
    }
  }
}
